
Microsoft Visual Studio Solution File, Format Version 12.00
# Visual Studio Version 16
VisualStudioVersion = 16.0.30517.126
MinimumVisualStudioVersion = 10.0.40219.1
Project("{FAE04EC0-301F-11D3-BF4B-00C04F79EFBC}") = "BookClassLibrary", "BookClassLibrary\BookClassLibrary.csproj", "{478A8737-E7EA-466D-8A02-A519998A0F94}"
EndProject
Project("{FAE04EC0-301F-11D3-BF4B-00C04F79EFBC}") = "UnitTestBook", "UnitTestBook\UnitTestBook.csproj", "{56A69746-1317-4258-9A8D-0D37D3890DA7}"
EndProject
Global
	GlobalSection(SolutionConfigurationPlatforms) = preSolution
		Debug|Any CPU = Debug|Any CPU
		Release|Any CPU = Release|Any CPU
	EndGlobalSection
	GlobalSection(ProjectConfigurationPlatforms) = postSolution
		{478A8737-E7EA-466D-8A02-A519998A0F94}.Debug|Any CPU.ActiveCfg = Debug|Any CPU
		{478A8737-E7EA-466D-8A02-A519998A0F94}.Debug|Any CPU.Build.0 = Debug|Any CPU
		{478A8737-E7EA-466D-8A02-A519998A0F94}.Release|Any CPU.ActiveCfg = Release|Any CPU
		{478A8737-E7EA-466D-8A02-A519998A0F94}.Release|Any CPU.Build.0 = Release|Any CPU
		{56A69746-1317-4258-9A8D-0D37D3890DA7}.Debug|Any CPU.ActiveCfg = Debug|Any CPU
		{56A69746-1317-4258-9A8D-0D37D3890DA7}.Debug|Any CPU.Build.0 = Debug|Any CPU
		{56A69746-1317-4258-9A8D-0D37D3890DA7}.Release|Any CPU.ActiveCfg = Release|Any CPU
		{56A69746-1317-4258-9A8D-0D37D3890DA7}.Release|Any CPU.Build.0 = Release|Any CPU
	EndGlobalSection
	GlobalSection(SolutionProperties) = preSolution
		HideSolutionNode = FALSE
	EndGlobalSection
	GlobalSection(ExtensibilityGlobals) = postSolution
		SolutionGuid = {95364DF2-EA63-498C-B9EC-9266FD70F466}
	EndGlobalSection
EndGlobal
